
Microsoft Visual Studio Solution File, Format Version 12.00
# Visual Studio 14
VisualStudioVersion = 14.0.25420.1
MinimumVisualStudioVersion = 10.0.40219.1
Project("{FAE04EC0-301F-11D3-BF4B-00C04F79EFBC}") = "FlRockBand3", "FlRockBand3\FlRockBand3.csproj", "{CC3F0C0D-7811-4E63-BEB5-3EFA76FDADC9}"
EndProject
Project("{FAE04EC0-301F-11D3-BF4B-00C04F79EFBC}") = "FlRockBand3.ConsoleApp", "FlRockBand3.ConsoleApp\FlRockBand3.ConsoleApp.csproj", "{C47898A2-66E6-427C-BF12-A53896A227FB}"
EndProject
Project("{FAE04EC0-301F-11D3-BF4B-00C04F79EFBC}") = "FlRockBand3.FormsApp", "FlRockBand3.FormsApp\FlRockBand3.FormsApp.csproj", "{C8092FC6-0F28-4D47-BE2E-601AF975616D}"
EndProject
Global
	GlobalSection(SolutionConfigurationPlatforms) = preSolution
		Debug|Any CPU = Debug|Any CPU
		Release|Any CPU = Release|Any CPU
	EndGlobalSection
	GlobalSection(ProjectConfigurationPlatforms) = postSolution
		{CC3F0C0D-7811-4E63-BEB5-3EFA76FDADC9}.Debug|Any CPU.ActiveCfg = Debug|Any CPU
		{CC3F0C0D-7811-4E63-BEB5-3EFA76FDADC9}.Debug|Any CPU.Build.0 = Debug|Any CPU
		{CC3F0C0D-7811-4E63-BEB5-3EFA76FDADC9}.Release|Any CPU.ActiveCfg = Release|Any CPU
		{CC3F0C0D-7811-4E63-BEB5-3EFA76FDADC9}.Release|Any CPU.Build.0 = Release|Any CPU
		{C47898A2-66E6-427C-BF12-A53896A227FB}.Debug|Any CPU.ActiveCfg = Debug|Any CPU
		{C47898A2-66E6-427C-BF12-A53896A227FB}.Debug|Any CPU.Build.0 = Debug|Any CPU
		{C47898A2-66E6-427C-BF12-A53896A227FB}.Release|Any CPU.ActiveCfg = Release|Any CPU
		{C47898A2-66E6-427C-BF12-A53896A227FB}.Release|Any CPU.Build.0 = Release|Any CPU
		{C8092FC6-0F28-4D47-BE2E-601AF975616D}.Debug|Any CPU.ActiveCfg = Debug|Any CPU
		{C8092FC6-0F28-4D47-BE2E-601AF975616D}.Debug|Any CPU.Build.0 = Debug|Any CPU
		{C8092FC6-0F28-4D47-BE2E-601AF975616D}.Release|Any CPU.ActiveCfg = Release|Any CPU
		{C8092FC6-0F28-4D47-BE2E-601AF975616D}.Release|Any CPU.Build.0 = Release|Any CPU
	EndGlobalSection
	GlobalSection(SolutionProperties) = preSolution
		HideSolutionNode = FALSE
	EndGlobalSection
EndGlobal
